# THIS IS AN AUTOGENERATED FILE. DO NOT EDIT THIS FILE DIRECTLY.
# yarn lockfile v1


"@fortawesome/fontawesome-free@^6.1.1":
  version "6.1.1"
  resolved "https://registry.yarnpkg.com/@fortawesome/fontawesome-free/-/fontawesome-free-6.1.1.tgz#bf5d45611ab74890be386712a0e5d998c65ee2a1"
  integrity sha512-J/3yg2AIXc9wznaVqpHVX3Wa5jwKovVF0AMYSnbmcXTiL3PpRPfF58pzWucCwEiCJBp+hCNRLWClTomD8SseKg==

bootstrap@5.2.0-beta1:
  version "5.2.0-beta1"
  resolved "https://registry.yarnpkg.com/bootstrap/-/bootstrap-5.2.0-beta1.tgz#75647ff7327c2cac9b8e1cb6728a790a5be4cefc"
  integrity sha512-6qbgs177WZEFY4SLQUq3tEHayYG80nfDmyTpdKi0MJqRMdS+HAoq24+YKfx6wf+nHY0rx8zrh477J1lFu4WzOA==
